
Microsoft Visual Studio Solution File, Format Version 12.00
# Visual Studio 15
VisualStudioVersion = 15.0.28307.1145
MinimumVisualStudioVersion = 10.0.40219.1
Project("{FAE04EC0-301F-11D3-BF4B-00C04F79EFBC}") = "ImageView", "ImageView\ImageView.csproj", "{29CB69D9-40F6-4A6E-AC02-FE8D1DA39EE2}"
EndProject
Project("{FAE04EC0-301F-11D3-BF4B-00C04F79EFBC}") = "ImageViewBuilder", "ImageViewBuilder\ImageViewBuilder.csproj", "{4F785AFF-656C-43F1-82A5-7BDF2429D950}"
EndProject
Global
	GlobalSection(SolutionConfigurationPlatforms) = preSolution
		Debug|x64 = Debug|x64
		Release|x64 = Release|x64
	EndGlobalSection
	GlobalSection(ProjectConfigurationPlatforms) = postSolution
		{29CB69D9-40F6-4A6E-AC02-FE8D1DA39EE2}.Debug|x64.ActiveCfg = Debug|x64
		{29CB69D9-40F6-4A6E-AC02-FE8D1DA39EE2}.Debug|x64.Build.0 = Debug|x64
		{29CB69D9-40F6-4A6E-AC02-FE8D1DA39EE2}.Release|x64.ActiveCfg = Release|x64
		{29CB69D9-40F6-4A6E-AC02-FE8D1DA39EE2}.Release|x64.Build.0 = Release|x64
		{4F785AFF-656C-43F1-82A5-7BDF2429D950}.Debug|x64.ActiveCfg = Debug|Any CPU
		{4F785AFF-656C-43F1-82A5-7BDF2429D950}.Debug|x64.Build.0 = Debug|Any CPU
		{4F785AFF-656C-43F1-82A5-7BDF2429D950}.Release|x64.ActiveCfg = Release|Any CPU
		{4F785AFF-656C-43F1-82A5-7BDF2429D950}.Release|x64.Build.0 = Release|Any CPU
	EndGlobalSection
	GlobalSection(SolutionProperties) = preSolution
		HideSolutionNode = FALSE
	EndGlobalSection
	GlobalSection(ExtensibilityGlobals) = postSolution
		SolutionGuid = {26FFBCAA-6B46-43C1-9A1D-2E1B150DECAB}
	EndGlobalSection
EndGlobal
